
Microsoft Visual Studio Solution File, Format Version 12.00
# Visual Studio Version 17
VisualStudioVersion = 17.11.35327.3
MinimumVisualStudioVersion = 10.0.40219.1
Project("{FAE04EC0-301F-11D3-BF4B-00C04F79EFBC}") = "ConsoleApp6", "ConsoleApp6\ConsoleApp6.csproj", "{DC6B8D2D-21FE-441E-AEFC-03A8A77E2717}"
EndProject
Global
	GlobalSection(SolutionConfigurationPlatforms) = preSolution
		Debug|Any CPU = Debug|Any CPU
		Release|Any CPU = Release|Any CPU
	EndGlobalSection
	GlobalSection(ProjectConfigurationPlatforms) = postSolution
		{DC6B8D2D-21FE-441E-AEFC-03A8A77E2717}.Debug|Any CPU.ActiveCfg = Debug|Any CPU
		{DC6B8D2D-21FE-441E-AEFC-03A8A77E2717}.Debug|Any CPU.Build.0 = Debug|Any CPU
		{DC6B8D2D-21FE-441E-AEFC-03A8A77E2717}.Release|Any CPU.ActiveCfg = Release|Any CPU
		{DC6B8D2D-21FE-441E-AEFC-03A8A77E2717}.Release|Any CPU.Build.0 = Release|Any CPU
	EndGlobalSection
	GlobalSection(SolutionProperties) = preSolution
		HideSolutionNode = FALSE
	EndGlobalSection
	GlobalSection(ExtensibilityGlobals) = postSolution
		SolutionGuid = {8310441D-9968-4A62-B715-BAB115B047ED}
	EndGlobalSection
EndGlobal
